Microsoft Visual Studio Solution File, Format Version 12.00
# Visual Studio Version 17
VisualStudioVersion = 17.5.2.0
MinimumVisualStudioVersion = 10.0.40219.1
Project("{2150E333-8FDC-42A3-9474-1A3956D46DE8}") = "tests", "tests", "{0AB3BF05-4346-4AA6-1389-037BE0695223}"
EndProject
Project("{2150E333-8FDC-42A3-9474-1A3956D46DE8}") = "src", "src", "{827E0CD3-B72D-47B6-A68D-7590B98EB39B}"
EndProject
Project("{FAE04EC0-301F-11D3-BF4B-00C04F79EFBC}") = "Files.InteractionTests", "tests\Files.InteractionTests\Files.InteractionTests.csproj", "{9A20CF5B-549E-FB0A-4791-91CA4FFCCFFF}"
EndProject
Project("{FAE04EC0-301F-11D3-BF4B-00C04F79EFBC}") = "Files.App.UITests", "tests\Files.App.UITests\Files.App.UITests.csproj", "{85D62465-0545-08C0-6135-FB568D81A323}"
EndProject
Project("{FAE04EC0-301F-11D3-BF4B-00C04F79EFBC}") = "Files.Core.SourceGenerator", "src\Files.Core.SourceGenerator\Files.Core.SourceGenerator.csproj", "{7B50ED23-B535-E658-9542-00885ED406FA}"
EndProject
Project("{FAE04EC0-301F-11D3-BF4B-00C04F79EFBC}") = "Files.Core.Storage", "src\Files.Core.Storage\Files.Core.Storage.csproj", "{0CD123D7-CAE3-0F58-73C0-8BF39753B788}"
EndProject
Project("{FAE04EC0-301F-11D3-BF4B-00C04F79EFBC}") = "Files.App.Server", "src\Files.App.Server\Files.App.Server.csproj", "{A9FC40D5-7AA8-6EB5-C5A5-F5075045DBCC}"
EndProject
Project("{FAE04EC0-301F-11D3-BF4B-00C04F79EFBC}") = "Files.App.Controls", "src\Files.App.Controls\Files.App.Controls.csproj", "{98A9E6D7-7C0E-1E78-8CE6-6E42C8A70B34}"
EndProject
Project("{FAE04EC0-301F-11D3-BF4B-00C04F79EFBC}") = "Files.App.Storage", "src\Files.App.Storage\Files.App.Storage.csproj", "{C425951C-86B6-E4C0-724E-047E9A2C8599}"
EndProject
Project("{FAE04EC0-301F-11D3-BF4B-00C04F79EFBC}") = "Files.App.CsWin32", "src\Files.App.CsWin32\Files.App.CsWin32.csproj", "{C1C83347-1524-3EBB-6B49-ECE025775668}"
EndProject
Project("{FAE04EC0-301F-11D3-BF4B-00C04F79EFBC}") = "Files.App.BackgroundTasks", "src\Files.App.BackgroundTasks\Files.App.BackgroundTasks.csproj", "{F8B5749F-C6EA-8FE3-B03A-ACE02A8076A7}"
EndProject
Project("{FAE04EC0-301F-11D3-BF4B-00C04F79EFBC}") = "Files.Shared", "src\Files.Shared\Files.Shared.csproj", "{6C01E445-3C11-C76F-CE47-0B9A775ACF0A}"
EndProject
Project("{FAE04EC0-301F-11D3-BF4B-00C04F79EFBC}") = "Files.App", "src\Files.App\Files.App.csproj", "{E6BD44A2-F200-6AC3-5A80-68727B1BE71B}"
EndProject
Global
	GlobalSection(SolutionConfigurationPlatforms) = preSolution
		Debug|Any CPU = Debug|Any CPU
		Release|Any CPU = Release|Any CPU
	EndGlobalSection
	GlobalSection(ProjectConfigurationPlatforms) = postSolution
		{9A20CF5B-549E-FB0A-4791-91CA4FFCCFFF}.Debug|Any CPU.ActiveCfg = Debug|Any CPU
		{9A20CF5B-549E-FB0A-4791-91CA4FFCCFFF}.Debug|Any CPU.Build.0 = Debug|Any CPU
		{9A20CF5B-549E-FB0A-4791-91CA4FFCCFFF}.Release|Any CPU.ActiveCfg = Release|Any CPU
		{9A20CF5B-549E-FB0A-4791-91CA4FFCCFFF}.Release|Any CPU.Build.0 = Release|Any CPU
		{85D62465-0545-08C0-6135-FB568D81A323}.Debug|Any CPU.ActiveCfg = Debug|Any CPU
		{85D62465-0545-08C0-6135-FB568D81A323}.Debug|Any CPU.Build.0 = Debug|Any CPU
		{85D62465-0545-08C0-6135-FB568D81A323}.Release|Any CPU.ActiveCfg = Release|Any CPU
		{85D62465-0545-08C0-6135-FB568D81A323}.Release|Any CPU.Build.0 = Release|Any CPU
		{7B50ED23-B535-E658-9542-00885ED406FA}.Debug|Any CPU.ActiveCfg = Debug|Any CPU
		{7B50ED23-B535-E658-9542-00885ED406FA}.Debug|Any CPU.Build.0 = Debug|Any CPU
		{7B50ED23-B535-E658-9542-00885ED406FA}.Release|Any CPU.ActiveCfg = Release|Any CPU
		{7B50ED23-B535-E658-9542-00885ED406FA}.Release|Any CPU.Build.0 = Release|Any CPU
		{0CD123D7-CAE3-0F58-73C0-8BF39753B788}.Debug|Any CPU.ActiveCfg = Debug|Any CPU
		{0CD123D7-CAE3-0F58-73C0-8BF39753B788}.Debug|Any CPU.Build.0 = Debug|Any CPU
		{0CD123D7-CAE3-0F58-73C0-8BF39753B788}.Release|Any CPU.ActiveCfg = Release|Any CPU
		{0CD123D7-CAE3-0F58-73C0-8BF39753B788}.Release|Any CPU.Build.0 = Release|Any CPU
		{A9FC40D5-7AA8-6EB5-C5A5-F5075045DBCC}.Debug|Any CPU.ActiveCfg = Debug|Any CPU
		{A9FC40D5-7AA8-6EB5-C5A5-F5075045DBCC}.Debug|Any CPU.Build.0 = Debug|Any CPU
		{A9FC40D5-7AA8-6EB5-C5A5-F5075045DBCC}.Release|Any CPU.ActiveCfg = Release|Any CPU
		{A9FC40D5-7AA8-6EB5-C5A5-F5075045DBCC}.Release|Any CPU.Build.0 = Release|Any CPU
		{98A9E6D7-7C0E-1E78-8CE6-6E42C8A70B34}.Debug|Any CPU.ActiveCfg = Debug|Any CPU
		{98A9E6D7-7C0E-1E78-8CE6-6E42C8A70B34}.Debug|Any CPU.Build.0 = Debug|Any CPU
		{98A9E6D7-7C0E-1E78-8CE6-6E42C8A70B34}.Release|Any CPU.ActiveCfg = Release|Any CPU
		{98A9E6D7-7C0E-1E78-8CE6-6E42C8A70B34}.Release|Any CPU.Build.0 = Release|Any CPU
		{C425951C-86B6-E4C0-724E-047E9A2C8599}.Debug|Any CPU.ActiveCfg = Debug|Any CPU
		{C425951C-86B6-E4C0-724E-047E9A2C8599}.Debug|Any CPU.Build.0 = Debug|Any CPU
		{C425951C-86B6-E4C0-724E-047E9A2C8599}.Release|Any CPU.ActiveCfg = Release|Any CPU
		{C425951C-86B6-E4C0-724E-047E9A2C8599}.Release|Any CPU.Build.0 = Release|Any CPU
		{C1C83347-1524-3EBB-6B49-ECE025775668}.Debug|Any CPU.ActiveCfg = Debug|Any CPU
		{C1C83347-1524-3EBB-6B49-ECE025775668}.Debug|Any CPU.Build.0 = Debug|Any CPU
		{C1C83347-1524-3EBB-6B49-ECE025775668}.Release|Any CPU.ActiveCfg = Release|Any CPU
		{C1C83347-1524-3EBB-6B49-ECE025775668}.Release|Any CPU.Build.0 = Release|Any CPU
		{F8B5749F-C6EA-8FE3-B03A-ACE02A8076A7}.Debug|Any CPU.ActiveCfg = Debug|Any CPU
		{F8B5749F-C6EA-8FE3-B03A-ACE02A8076A7}.Debug|Any CPU.Build.0 = Debug|Any CPU
		{F8B5749F-C6EA-8FE3-B03A-ACE02A8076A7}.Release|Any CPU.ActiveCfg = Release|Any CPU
		{F8B5749F-C6EA-8FE3-B03A-ACE02A8076A7}.Release|Any CPU.Build.0 = Release|Any CPU
		{6C01E445-3C11-C76F-CE47-0B9A775ACF0A}.Debug|Any CPU.ActiveCfg = Debug|Any CPU
		{6C01E445-3C11-C76F-CE47-0B9A775ACF0A}.Debug|Any CPU.Build.0 = Debug|Any CPU
		{6C01E445-3C11-C76F-CE47-0B9A775ACF0A}.Release|Any CPU.ActiveCfg = Release|Any CPU
		{6C01E445-3C11-C76F-CE47-0B9A775ACF0A}.Release|Any CPU.Build.0 = Release|Any CPU
		{E6BD44A2-F200-6AC3-5A80-68727B1BE71B}.Debug|Any CPU.ActiveCfg = Debug|Any CPU
		{E6BD44A2-F200-6AC3-5A80-68727B1BE71B}.Debug|Any CPU.Build.0 = Debug|Any CPU
		{E6BD44A2-F200-6AC3-5A80-68727B1BE71B}.Release|Any CPU.ActiveCfg = Release|Any CPU
		{E6BD44A2-F200-6AC3-5A80-68727B1BE71B}.Release|Any CPU.Build.0 = Release|Any CPU
	EndGlobalSection
	GlobalSection(SolutionProperties) = preSolution
		HideSolutionNode = FALSE
	EndGlobalSection
	GlobalSection(NestedProjects) = preSolution
		{9A20CF5B-549E-FB0A-4791-91CA4FFCCFFF} = {0AB3BF05-4346-4AA6-1389-037BE0695223}
		{85D62465-0545-08C0-6135-FB568D81A323} = {0AB3BF05-4346-4AA6-1389-037BE0695223}
		{7B50ED23-B535-E658-9542-00885ED406FA} = {827E0CD3-B72D-47B6-A68D-7590B98EB39B}
		{0CD123D7-CAE3-0F58-73C0-8BF39753B788} = {827E0CD3-B72D-47B6-A68D-7590B98EB39B}
		{A9FC40D5-7AA8-6EB5-C5A5-F5075045DBCC} = {827E0CD3-B72D-47B6-A68D-7590B98EB39B}
		{98A9E6D7-7C0E-1E78-8CE6-6E42C8A70B34} = {827E0CD3-B72D-47B6-A68D-7590B98EB39B}
		{C425951C-86B6-E4C0-724E-047E9A2C8599} = {827E0CD3-B72D-47B6-A68D-7590B98EB39B}
		{C1C83347-1524-3EBB-6B49-ECE025775668} = {827E0CD3-B72D-47B6-A68D-7590B98EB39B}
		{F8B5749F-C6EA-8FE3-B03A-ACE02A8076A7} = {827E0CD3-B72D-47B6-A68D-7590B98EB39B}
		{6C01E445-3C11-C76F-CE47-0B9A775ACF0A} = {827E0CD3-B72D-47B6-A68D-7590B98EB39B}
		{E6BD44A2-F200-6AC3-5A80-68727B1BE71B} = {827E0CD3-B72D-47B6-A68D-7590B98EB39B}
	EndGlobalSection
	GlobalSection(ExtensibilityGlobals) = postSolution
		SolutionGuid = {8E21E423-8E7A-40CB-BE6B-5B2B56256E35}
	EndGlobalSection
EndGlobal
