Microsoft Visual Studio Solution File, Format Version 12.00
# Visual Studio Version 17
VisualStudioVersion = 17.1.32421.90
MinimumVisualStudioVersion = 10.0.40219.1
Project("{2150E333-8FDC-42A3-9474-1A3956D46DE8}") = "FilesOpenDialog", "FilesOpenDialog", "{0175B70C-1E29-4A3F-AA4F-C2017B040EF0}"
EndProject
Project("{2150E333-8FDC-42A3-9474-1A3956D46DE8}") = "src", "src", "{A74DCE98-A744-4D71-A2B1-7EE4FED0936B}"
EndProject
Project("{2150E333-8FDC-42A3-9474-1A3956D46DE8}") = "tests", "tests", "{481DE2EA-E6CE-4A9C-A220-3B543B95AAA1}"
EndProject
Project("{2150E333-8FDC-42A3-9474-1A3956D46DE8}") = "Platforms", "Platforms", "{A188C26B-E731-4E0B-9D17-D21CEBD9B43F}"
EndProject
Project("{2150E333-8FDC-42A3-9474-1A3956D46DE8}") = "Sdk", "Sdk", "{9F36C2AD-005D-4EA5-A1F1-6BC42773FC85}"
EndProject
Project("{9A19103F-16F7-4668-BE54-9A1E7A4F7556}") = "Files.Shared", "src\Files.Shared\Files.Shared.csproj", "{94F77692-D47C-48D8-A1A7-645192EF38A4}"
EndProject
Project("{9A19103F-16F7-4668-BE54-9A1E7A4F7556}") = "Files.App.Storage", "src\Files.App.Storage\Files.App.Storage.csproj", "{B8051E11-5BF2-49F7-A7C8-E3820DBB8209}"
EndProject
Project("{9A19103F-16F7-4668-BE54-9A1E7A4F7556}") = "Files.Backend", "src\Files.Backend\Files.Backend.csproj", "{74704E22-9A09-4675-AE35-7896DE81EC4A}"
EndProject
Project("{9A19103F-16F7-4668-BE54-9A1E7A4F7556}") = "Files.Sdk.Storage", "src\Files.Sdk.Storage\Files.Sdk.Storage.csproj", "{53371D77-7AC1-4975-9A2A-5E0EB0B37CE3}"
EndProject
Project("{9A19103F-16F7-4668-BE54-9A1E7A4F7556}") = "BackgroundTasks", "src\BackgroundTasks\BackgroundTasks.csproj", "{BB1DA0B0-4E5B-4336-961E-DF389482C094}"
EndProject
Project("{9A19103F-16F7-4668-BE54-9A1E7A4F7556}") = "Files.InteractionTests", "tests\Files.InteractionTests\Files.InteractionTests.csproj", "{4ED01D20-8529-4DEF-8C1B-4E31031AE7E0}"
EndProject
Project("{8BC9CEB8-8B4A-11D0-8D11-00A0C91BC942}") = "CustomOpenDialog", "src\Files.OpenDialog\CustomOpenDialog\CustomOpenDialog.vcxproj", "{A2FF3F3B-8EBC-4108-B99D-1476B7876656}"
EndProject
Project("{8BC9CEB8-8B4A-11D0-8D11-00A0C91BC942}") = "FilesLauncher", "src\Files.OpenDialog\FilesLauncher\FilesLauncher.vcxproj", "{25FD5045-6D4C-4DD0-B3AC-613AB59CBB07}"
EndProject
Project("{9A19103F-16F7-4668-BE54-9A1E7A4F7556}") = "Files.App", "src\Files.App\Files.App.csproj", "{6F431D82-A5FF-4833-B5E4-702E1E523126}"
EndProject
Project("{C7167F0D-BC9F-4E6E-AFE1-012C56B48DB5}") = "Files.Package", "src\Files.App (Package)\Files.Package.wapproj", "{8F60FD8E-1921-47D6-97B0-D26D7B3A4999}"
EndProject
Project("{9A19103F-16F7-4668-BE54-9A1E7A4F7556}") = "Files.SourceGenerator", "src\Files.SourceGenerator\Files.SourceGenerator.csproj", "{6FA07816-DE0A-4D49-84E8-38E953A33C87}"
EndProject
Global
	GlobalSection(SolutionConfigurationPlatforms) = preSolution
		Debug|arm64 = Debug|arm64
		Debug|x64 = Debug|x64
		Debug|x86 = Debug|x86
		Preview|arm64 = Preview|arm64
		Preview|x64 = Preview|x64
		Preview|x86 = Preview|x86
		Release|arm64 = Release|arm64
		Release|x64 = Release|x64
		Release|x86 = Release|x86
		Stable|arm64 = Stable|arm64
		Stable|x64 = Stable|x64
		Stable|x86 = Stable|x86
		Store|arm64 = Store|arm64
		Store|x64 = Store|x64
		Store|x86 = Store|x86
	EndGlobalSection
	GlobalSection(ProjectConfigurationPlatforms) = postSolution
		{94F77692-D47C-48D8-A1A7-645192EF38A4}.Debug|arm64.ActiveCfg = Debug|arm64
		{94F77692-D47C-48D8-A1A7-645192EF38A4}.Debug|arm64.Build.0 = Debug|arm64
		{94F77692-D47C-48D8-A1A7-645192EF38A4}.Debug|x64.ActiveCfg = Debug|x64
		{94F77692-D47C-48D8-A1A7-645192EF38A4}.Debug|x64.Build.0 = Debug|x64
		{94F77692-D47C-48D8-A1A7-645192EF38A4}.Debug|x86.ActiveCfg = Debug|x86
		{94F77692-D47C-48D8-A1A7-645192EF38A4}.Debug|x86.Build.0 = Debug|x86
		{94F77692-D47C-48D8-A1A7-645192EF38A4}.Preview|arm64.ActiveCfg = Preview|arm64
		{94F77692-D47C-48D8-A1A7-645192EF38A4}.Preview|arm64.Build.0 = Preview|arm64
		{94F77692-D47C-48D8-A1A7-645192EF38A4}.Preview|x64.ActiveCfg = Preview|x64
		{94F77692-D47C-48D8-A1A7-645192EF38A4}.Preview|x64.Build.0 = Preview|x64
		{94F77692-D47C-48D8-A1A7-645192EF38A4}.Preview|x86.ActiveCfg = Preview|x86
		{94F77692-D47C-48D8-A1A7-645192EF38A4}.Preview|x86.Build.0 = Preview|x86
		{94F77692-D47C-48D8-A1A7-645192EF38A4}.Release|arm64.ActiveCfg = Release|arm64
		{94F77692-D47C-48D8-A1A7-645192EF38A4}.Release|arm64.Build.0 = Release|arm64
		{94F77692-D47C-48D8-A1A7-645192EF38A4}.Release|x64.ActiveCfg = Release|x64
		{94F77692-D47C-48D8-A1A7-645192EF38A4}.Release|x64.Build.0 = Release|x64
		{94F77692-D47C-48D8-A1A7-645192EF38A4}.Release|x86.ActiveCfg = Release|x86
		{94F77692-D47C-48D8-A1A7-645192EF38A4}.Release|x86.Build.0 = Release|x86
		{94F77692-D47C-48D8-A1A7-645192EF38A4}.Stable|arm64.ActiveCfg = Stable|arm64
		{94F77692-D47C-48D8-A1A7-645192EF38A4}.Stable|arm64.Build.0 = Stable|arm64
		{94F77692-D47C-48D8-A1A7-645192EF38A4}.Stable|x64.ActiveCfg = Stable|x64
		{94F77692-D47C-48D8-A1A7-645192EF38A4}.Stable|x64.Build.0 = Stable|x64
		{94F77692-D47C-48D8-A1A7-645192EF38A4}.Stable|x86.ActiveCfg = Stable|x86
		{94F77692-D47C-48D8-A1A7-645192EF38A4}.Stable|x86.Build.0 = Stable|x86
		{94F77692-D47C-48D8-A1A7-645192EF38A4}.Store|arm64.ActiveCfg = Store|arm64
		{94F77692-D47C-48D8-A1A7-645192EF38A4}.Store|arm64.Build.0 = Store|arm64
		{94F77692-D47C-48D8-A1A7-645192EF38A4}.Store|x64.ActiveCfg = Store|x64
		{94F77692-D47C-48D8-A1A7-645192EF38A4}.Store|x64.Build.0 = Store|x64
		{94F77692-D47C-48D8-A1A7-645192EF38A4}.Store|x86.ActiveCfg = Store|x86
		{94F77692-D47C-48D8-A1A7-645192EF38A4}.Store|x86.Build.0 = Store|x86
		{B8051E11-5BF2-49F7-A7C8-E3820DBB8209}.Debug|arm64.ActiveCfg = Debug|arm64
		{B8051E11-5BF2-49F7-A7C8-E3820DBB8209}.Debug|arm64.Build.0 = Debug|arm64
		{B8051E11-5BF2-49F7-A7C8-E3820DBB8209}.Debug|x64.ActiveCfg = Debug|x64
		{B8051E11-5BF2-49F7-A7C8-E3820DBB8209}.Debug|x64.Build.0 = Debug|x64
		{B8051E11-5BF2-49F7-A7C8-E3820DBB8209}.Debug|x86.ActiveCfg = Debug|x86
		{B8051E11-5BF2-49F7-A7C8-E3820DBB8209}.Debug|x86.Build.0 = Debug|x86
		{B8051E11-5BF2-49F7-A7C8-E3820DBB8209}.Preview|arm64.ActiveCfg = Preview|arm64
		{B8051E11-5BF2-49F7-A7C8-E3820DBB8209}.Preview|arm64.Build.0 = Preview|arm64
		{B8051E11-5BF2-49F7-A7C8-E3820DBB8209}.Preview|x64.ActiveCfg = Preview|x64
		{B8051E11-5BF2-49F7-A7C8-E3820DBB8209}.Preview|x64.Build.0 = Preview|x64
		{B8051E11-5BF2-49F7-A7C8-E3820DBB8209}.Preview|x86.ActiveCfg = Preview|x86
		{B8051E11-5BF2-49F7-A7C8-E3820DBB8209}.Preview|x86.Build.0 = Preview|x86
		{B8051E11-5BF2-49F7-A7C8-E3820DBB8209}.Release|arm64.ActiveCfg = Release|arm64
		{B8051E11-5BF2-49F7-A7C8-E3820DBB8209}.Release|arm64.Build.0 = Release|arm64
		{B8051E11-5BF2-49F7-A7C8-E3820DBB8209}.Release|x64.ActiveCfg = Release|x64
		{B8051E11-5BF2-49F7-A7C8-E3820DBB8209}.Release|x64.Build.0 = Release|x64
		{B8051E11-5BF2-49F7-A7C8-E3820DBB8209}.Release|x86.ActiveCfg = Release|x86
		{B8051E11-5BF2-49F7-A7C8-E3820DBB8209}.Release|x86.Build.0 = Release|x86
		{B8051E11-5BF2-49F7-A7C8-E3820DBB8209}.Stable|arm64.ActiveCfg = Stable|arm64
		{B8051E11-5BF2-49F7-A7C8-E3820DBB8209}.Stable|arm64.Build.0 = Stable|arm64
		{B8051E11-5BF2-49F7-A7C8-E3820DBB8209}.Stable|x64.ActiveCfg = Stable|x64
		{B8051E11-5BF2-49F7-A7C8-E3820DBB8209}.Stable|x64.Build.0 = Stable|x64
		{B8051E11-5BF2-49F7-A7C8-E3820DBB8209}.Stable|x86.ActiveCfg = Stable|x86
		{B8051E11-5BF2-49F7-A7C8-E3820DBB8209}.Stable|x86.Build.0 = Stable|x86
		{B8051E11-5BF2-49F7-A7C8-E3820DBB8209}.Store|arm64.ActiveCfg = Store|arm64
		{B8051E11-5BF2-49F7-A7C8-E3820DBB8209}.Store|arm64.Build.0 = Store|arm64
		{B8051E11-5BF2-49F7-A7C8-E3820DBB8209}.Store|x64.ActiveCfg = Store|x64
		{B8051E11-5BF2-49F7-A7C8-E3820DBB8209}.Store|x64.Build.0 = Store|x64
		{B8051E11-5BF2-49F7-A7C8-E3820DBB8209}.Store|x86.ActiveCfg = Store|x86
		{B8051E11-5BF2-49F7-A7C8-E3820DBB8209}.Store|x86.Build.0 = Store|x86
		{74704E22-9A09-4675-AE35-7896DE81EC4A}.Debug|arm64.ActiveCfg = Debug|arm64
		{74704E22-9A09-4675-AE35-7896DE81EC4A}.Debug|arm64.Build.0 = Debug|arm64
		{74704E22-9A09-4675-AE35-7896DE81EC4A}.Debug|x64.ActiveCfg = Debug|x64
		{74704E22-9A09-4675-AE35-7896DE81EC4A}.Debug|x64.Build.0 = Debug|x64
		{74704E22-9A09-4675-AE35-7896DE81EC4A}.Debug|x86.ActiveCfg = Debug|x86
		{74704E22-9A09-4675-AE35-7896DE81EC4A}.Debug|x86.Build.0 = Debug|x86
		{74704E22-9A09-4675-AE35-7896DE81EC4A}.Preview|arm64.ActiveCfg = Preview|arm64
		{74704E22-9A09-4675-AE35-7896DE81EC4A}.Preview|arm64.Build.0 = Preview|arm64
		{74704E22-9A09-4675-AE35-7896DE81EC4A}.Preview|x64.ActiveCfg = Preview|x64
		{74704E22-9A09-4675-AE35-7896DE81EC4A}.Preview|x64.Build.0 = Preview|x64
		{74704E22-9A09-4675-AE35-7896DE81EC4A}.Preview|x86.ActiveCfg = Preview|x86
		{74704E22-9A09-4675-AE35-7896DE81EC4A}.Preview|x86.Build.0 = Preview|x86
		{74704E22-9A09-4675-AE35-7896DE81EC4A}.Release|arm64.ActiveCfg = Release|arm64
		{74704E22-9A09-4675-AE35-7896DE81EC4A}.Release|arm64.Build.0 = Release|arm64
		{74704E22-9A09-4675-AE35-7896DE81EC4A}.Release|x64.ActiveCfg = Release|x64
		{74704E22-9A09-4675-AE35-7896DE81EC4A}.Release|x64.Build.0 = Release|x64
		{74704E22-9A09-4675-AE35-7896DE81EC4A}.Release|x86.ActiveCfg = Release|x86
		{74704E22-9A09-4675-AE35-7896DE81EC4A}.Release|x86.Build.0 = Release|x86
		{74704E22-9A09-4675-AE35-7896DE81EC4A}.Stable|arm64.ActiveCfg = Stable|arm64
		{74704E22-9A09-4675-AE35-7896DE81EC4A}.Stable|arm64.Build.0 = Stable|arm64
		{74704E22-9A09-4675-AE35-7896DE81EC4A}.Stable|x64.ActiveCfg = Stable|x64
		{74704E22-9A09-4675-AE35-7896DE81EC4A}.Stable|x64.Build.0 = Stable|x64
		{74704E22-9A09-4675-AE35-7896DE81EC4A}.Stable|x86.ActiveCfg = Stable|x86
		{74704E22-9A09-4675-AE35-7896DE81EC4A}.Stable|x86.Build.0 = Stable|x86
		{74704E22-9A09-4675-AE35-7896DE81EC4A}.Store|arm64.ActiveCfg = Store|arm64
		{74704E22-9A09-4675-AE35-7896DE81EC4A}.Store|arm64.Build.0 = Store|arm64
		{74704E22-9A09-4675-AE35-7896DE81EC4A}.Store|x64.ActiveCfg = Store|x64
		{74704E22-9A09-4675-AE35-7896DE81EC4A}.Store|x64.Build.0 = Store|x64
		{74704E22-9A09-4675-AE35-7896DE81EC4A}.Store|x86.ActiveCfg = Store|x86
		{74704E22-9A09-4675-AE35-7896DE81EC4A}.Store|x86.Build.0 = Store|x86
		{53371D77-7AC1-4975-9A2A-5E0EB0B37CE3}.Debug|arm64.ActiveCfg = Debug|arm64
		{53371D77-7AC1-4975-9A2A-5E0EB0B37CE3}.Debug|arm64.Build.0 = Debug|arm64
		{53371D77-7AC1-4975-9A2A-5E0EB0B37CE3}.Debug|x64.ActiveCfg = Debug|x64
		{53371D77-7AC1-4975-9A2A-5E0EB0B37CE3}.Debug|x64.Build.0 = Debug|x64
		{53371D77-7AC1-4975-9A2A-5E0EB0B37CE3}.Debug|x86.ActiveCfg = Debug|x86
		{53371D77-7AC1-4975-9A2A-5E0EB0B37CE3}.Debug|x86.Build.0 = Debug|x86
		{53371D77-7AC1-4975-9A2A-5E0EB0B37CE3}.Preview|arm64.ActiveCfg = Preview|arm64
		{53371D77-7AC1-4975-9A2A-5E0EB0B37CE3}.Preview|arm64.Build.0 = Preview|arm64
		{53371D77-7AC1-4975-9A2A-5E0EB0B37CE3}.Preview|x64.ActiveCfg = Preview|x64
		{53371D77-7AC1-4975-9A2A-5E0EB0B37CE3}.Preview|x64.Build.0 = Preview|x64
		{53371D77-7AC1-4975-9A2A-5E0EB0B37CE3}.Preview|x86.ActiveCfg = Preview|x86
		{53371D77-7AC1-4975-9A2A-5E0EB0B37CE3}.Preview|x86.Build.0 = Preview|x86
		{53371D77-7AC1-4975-9A2A-5E0EB0B37CE3}.Release|arm64.ActiveCfg = Release|arm64
		{53371D77-7AC1-4975-9A2A-5E0EB0B37CE3}.Release|arm64.Build.0 = Release|arm64
		{53371D77-7AC1-4975-9A2A-5E0EB0B37CE3}.Release|x64.ActiveCfg = Release|x64
		{53371D77-7AC1-4975-9A2A-5E0EB0B37CE3}.Release|x64.Build.0 = Release|x64
		{53371D77-7AC1-4975-9A2A-5E0EB0B37CE3}.Release|x86.ActiveCfg = Release|x86
		{53371D77-7AC1-4975-9A2A-5E0EB0B37CE3}.Release|x86.Build.0 = Release|x86
		{53371D77-7AC1-4975-9A2A-5E0EB0B37CE3}.Stable|arm64.ActiveCfg = Stable|arm64
		{53371D77-7AC1-4975-9A2A-5E0EB0B37CE3}.Stable|arm64.Build.0 = Stable|arm64
		{53371D77-7AC1-4975-9A2A-5E0EB0B37CE3}.Stable|x64.ActiveCfg = Stable|x64
		{53371D77-7AC1-4975-9A2A-5E0EB0B37CE3}.Stable|x64.Build.0 = Stable|x64
		{53371D77-7AC1-4975-9A2A-5E0EB0B37CE3}.Stable|x86.ActiveCfg = Stable|x86
		{53371D77-7AC1-4975-9A2A-5E0EB0B37CE3}.Stable|x86.Build.0 = Stable|x86
		{53371D77-7AC1-4975-9A2A-5E0EB0B37CE3}.Store|arm64.ActiveCfg = Store|arm64
		{53371D77-7AC1-4975-9A2A-5E0EB0B37CE3}.Store|arm64.Build.0 = Store|arm64
		{53371D77-7AC1-4975-9A2A-5E0EB0B37CE3}.Store|x64.ActiveCfg = Store|x64
		{53371D77-7AC1-4975-9A2A-5E0EB0B37CE3}.Store|x64.Build.0 = Store|x64
		{53371D77-7AC1-4975-9A2A-5E0EB0B37CE3}.Store|x86.ActiveCfg = Store|x86
		{53371D77-7AC1-4975-9A2A-5E0EB0B37CE3}.Store|x86.Build.0 = Store|x86
		{BB1DA0B0-4E5B-4336-961E-DF389482C094}.Debug|arm64.ActiveCfg = Debug|ARM64
		{BB1DA0B0-4E5B-4336-961E-DF389482C094}.Debug|arm64.Build.0 = Debug|ARM64
		{BB1DA0B0-4E5B-4336-961E-DF389482C094}.Debug|x64.ActiveCfg = Debug|x64
		{BB1DA0B0-4E5B-4336-961E-DF389482C094}.Debug|x64.Build.0 = Debug|x64
		{BB1DA0B0-4E5B-4336-961E-DF389482C094}.Debug|x86.ActiveCfg = Debug|x86
		{BB1DA0B0-4E5B-4336-961E-DF389482C094}.Debug|x86.Build.0 = Debug|x86
		{BB1DA0B0-4E5B-4336-961E-DF389482C094}.Preview|arm64.ActiveCfg = Preview|ARM64
		{BB1DA0B0-4E5B-4336-961E-DF389482C094}.Preview|arm64.Build.0 = Preview|ARM64
		{BB1DA0B0-4E5B-4336-961E-DF389482C094}.Preview|x64.ActiveCfg = Preview|x64
		{BB1DA0B0-4E5B-4336-961E-DF389482C094}.Preview|x64.Build.0 = Preview|x64
		{BB1DA0B0-4E5B-4336-961E-DF389482C094}.Preview|x86.ActiveCfg = Preview|x86
		{BB1DA0B0-4E5B-4336-961E-DF389482C094}.Preview|x86.Build.0 = Preview|x86
		{BB1DA0B0-4E5B-4336-961E-DF389482C094}.Release|arm64.ActiveCfg = Release|ARM64
		{BB1DA0B0-4E5B-4336-961E-DF389482C094}.Release|arm64.Build.0 = Release|ARM64
		{BB1DA0B0-4E5B-4336-961E-DF389482C094}.Release|x64.ActiveCfg = Release|x64
		{BB1DA0B0-4E5B-4336-961E-DF389482C094}.Release|x64.Build.0 = Release|x64
		{BB1DA0B0-4E5B-4336-961E-DF389482C094}.Release|x86.ActiveCfg = Release|x86
		{BB1DA0B0-4E5B-4336-961E-DF389482C094}.Release|x86.Build.0 = Release|x86
		{BB1DA0B0-4E5B-4336-961E-DF389482C094}.Stable|arm64.ActiveCfg = Stable|ARM64
		{BB1DA0B0-4E5B-4336-961E-DF389482C094}.Stable|arm64.Build.0 = Stable|ARM64
		{BB1DA0B0-4E5B-4336-961E-DF389482C094}.Stable|x64.ActiveCfg = Stable|x64
		{BB1DA0B0-4E5B-4336-961E-DF389482C094}.Stable|x64.Build.0 = Stable|x64
		{BB1DA0B0-4E5B-4336-961E-DF389482C094}.Stable|x86.ActiveCfg = Stable|x86
		{BB1DA0B0-4E5B-4336-961E-DF389482C094}.Stable|x86.Build.0 = Stable|x86
		{BB1DA0B0-4E5B-4336-961E-DF389482C094}.Store|arm64.ActiveCfg = Store|ARM64
		{BB1DA0B0-4E5B-4336-961E-DF389482C094}.Store|arm64.Build.0 = Store|ARM64
		{BB1DA0B0-4E5B-4336-961E-DF389482C094}.Store|x64.ActiveCfg = Store|x64
		{BB1DA0B0-4E5B-4336-961E-DF389482C094}.Store|x64.Build.0 = Store|x64
		{BB1DA0B0-4E5B-4336-961E-DF389482C094}.Store|x86.ActiveCfg = Store|x86
		{BB1DA0B0-4E5B-4336-961E-DF389482C094}.Store|x86.Build.0 = Store|x86
		{4ED01D20-8529-4DEF-8C1B-4E31031AE7E0}.Debug|arm64.ActiveCfg = Debug|arm64
		{4ED01D20-8529-4DEF-8C1B-4E31031AE7E0}.Debug|arm64.Build.0 = Debug|arm64
		{4ED01D20-8529-4DEF-8C1B-4E31031AE7E0}.Debug|x64.ActiveCfg = Debug|x64
		{4ED01D20-8529-4DEF-8C1B-4E31031AE7E0}.Debug|x64.Build.0 = Debug|x64
		{4ED01D20-8529-4DEF-8C1B-4E31031AE7E0}.Debug|x86.ActiveCfg = Debug|x86
		{4ED01D20-8529-4DEF-8C1B-4E31031AE7E0}.Debug|x86.Build.0 = Debug|x86
		{4ED01D20-8529-4DEF-8C1B-4E31031AE7E0}.Preview|arm64.ActiveCfg = Preview|arm64
		{4ED01D20-8529-4DEF-8C1B-4E31031AE7E0}.Preview|arm64.Build.0 = Preview|arm64
		{4ED01D20-8529-4DEF-8C1B-4E31031AE7E0}.Preview|x64.ActiveCfg = Preview|x64
		{4ED01D20-8529-4DEF-8C1B-4E31031AE7E0}.Preview|x64.Build.0 = Preview|x64
		{4ED01D20-8529-4DEF-8C1B-4E31031AE7E0}.Preview|x86.ActiveCfg = Preview|x86
		{4ED01D20-8529-4DEF-8C1B-4E31031AE7E0}.Preview|x86.Build.0 = Preview|x86
		{4ED01D20-8529-4DEF-8C1B-4E31031AE7E0}.Release|arm64.ActiveCfg = Release|arm64
		{4ED01D20-8529-4DEF-8C1B-4E31031AE7E0}.Release|arm64.Build.0 = Release|arm64
		{4ED01D20-8529-4DEF-8C1B-4E31031AE7E0}.Release|x64.ActiveCfg = Release|x64
		{4ED01D20-8529-4DEF-8C1B-4E31031AE7E0}.Release|x64.Build.0 = Release|x64
		{4ED01D20-8529-4DEF-8C1B-4E31031AE7E0}.Release|x86.ActiveCfg = Release|x86
		{4ED01D20-8529-4DEF-8C1B-4E31031AE7E0}.Release|x86.Build.0 = Release|x86
		{4ED01D20-8529-4DEF-8C1B-4E31031AE7E0}.Stable|arm64.ActiveCfg = Stable|arm64
		{4ED01D20-8529-4DEF-8C1B-4E31031AE7E0}.Stable|arm64.Build.0 = Stable|arm64
		{4ED01D20-8529-4DEF-8C1B-4E31031AE7E0}.Stable|x64.ActiveCfg = Stable|x64
		{4ED01D20-8529-4DEF-8C1B-4E31031AE7E0}.Stable|x64.Build.0 = Stable|x64
		{4ED01D20-8529-4DEF-8C1B-4E31031AE7E0}.Stable|x86.ActiveCfg = Stable|x86
		{4ED01D20-8529-4DEF-8C1B-4E31031AE7E0}.Stable|x86.Build.0 = Stable|x86
		{4ED01D20-8529-4DEF-8C1B-4E31031AE7E0}.Store|arm64.ActiveCfg = Store|arm64
		{4ED01D20-8529-4DEF-8C1B-4E31031AE7E0}.Store|arm64.Build.0 = Store|arm64
		{4ED01D20-8529-4DEF-8C1B-4E31031AE7E0}.Store|x64.ActiveCfg = Store|x64
		{4ED01D20-8529-4DEF-8C1B-4E31031AE7E0}.Store|x64.Build.0 = Store|x64
		{4ED01D20-8529-4DEF-8C1B-4E31031AE7E0}.Store|x86.ActiveCfg = Store|x86
		{4ED01D20-8529-4DEF-8C1B-4E31031AE7E0}.Store|x86.Build.0 = Store|x86
		{A2FF3F3B-8EBC-4108-B99D-1476B7876656}.Debug|arm64.ActiveCfg = Debug|arm64
		{A2FF3F3B-8EBC-4108-B99D-1476B7876656}.Debug|arm64.Build.0 = Debug|arm64
		{A2FF3F3B-8EBC-4108-B99D-1476B7876656}.Debug|x64.ActiveCfg = Debug|x64
		{A2FF3F3B-8EBC-4108-B99D-1476B7876656}.Debug|x64.Build.0 = Debug|x64
		{A2FF3F3B-8EBC-4108-B99D-1476B7876656}.Debug|x86.ActiveCfg = Debug|Win32
		{A2FF3F3B-8EBC-4108-B99D-1476B7876656}.Debug|x86.Build.0 = Debug|Win32
		{A2FF3F3B-8EBC-4108-B99D-1476B7876656}.Preview|arm64.ActiveCfg = Preview|arm64
		{A2FF3F3B-8EBC-4108-B99D-1476B7876656}.Preview|arm64.Build.0 = Preview|arm64
		{A2FF3F3B-8EBC-4108-B99D-1476B7876656}.Preview|x64.ActiveCfg = Preview|x64
		{A2FF3F3B-8EBC-4108-B99D-1476B7876656}.Preview|x64.Build.0 = Preview|x64
		{A2FF3F3B-8EBC-4108-B99D-1476B7876656}.Preview|x86.ActiveCfg = Preview|Win32
		{A2FF3F3B-8EBC-4108-B99D-1476B7876656}.Preview|x86.Build.0 = Preview|Win32
		{A2FF3F3B-8EBC-4108-B99D-1476B7876656}.Release|arm64.ActiveCfg = Release|arm64
		{A2FF3F3B-8EBC-4108-B99D-1476B7876656}.Release|arm64.Build.0 = Release|arm64
		{A2FF3F3B-8EBC-4108-B99D-1476B7876656}.Release|x64.ActiveCfg = Release|x64
		{A2FF3F3B-8EBC-4108-B99D-1476B7876656}.Release|x64.Build.0 = Release|x64
		{A2FF3F3B-8EBC-4108-B99D-1476B7876656}.Release|x86.ActiveCfg = Release|Win32
		{A2FF3F3B-8EBC-4108-B99D-1476B7876656}.Release|x86.Build.0 = Release|Win32
		{A2FF3F3B-8EBC-4108-B99D-1476B7876656}.Stable|arm64.ActiveCfg = Stable|arm64
		{A2FF3F3B-8EBC-4108-B99D-1476B7876656}.Stable|arm64.Build.0 = Stable|arm64
		{A2FF3F3B-8EBC-4108-B99D-1476B7876656}.Stable|x64.ActiveCfg = Stable|x64
		{A2FF3F3B-8EBC-4108-B99D-1476B7876656}.Stable|x64.Build.0 = Stable|x64
		{A2FF3F3B-8EBC-4108-B99D-1476B7876656}.Stable|x86.ActiveCfg = Stable|Win32
		{A2FF3F3B-8EBC-4108-B99D-1476B7876656}.Stable|x86.Build.0 = Stable|Win32
		{A2FF3F3B-8EBC-4108-B99D-1476B7876656}.Store|arm64.ActiveCfg = Store|arm64
		{A2FF3F3B-8EBC-4108-B99D-1476B7876656}.Store|arm64.Build.0 = Store|arm64
		{A2FF3F3B-8EBC-4108-B99D-1476B7876656}.Store|x64.ActiveCfg = Store|x64
		{A2FF3F3B-8EBC-4108-B99D-1476B7876656}.Store|x64.Build.0 = Store|x64
		{A2FF3F3B-8EBC-4108-B99D-1476B7876656}.Store|x86.ActiveCfg = Store|Win32
		{A2FF3F3B-8EBC-4108-B99D-1476B7876656}.Store|x86.Build.0 = Store|Win32
		{25FD5045-6D4C-4DD0-B3AC-613AB59CBB07}.Debug|arm64.ActiveCfg = Debug|arm64
		{25FD5045-6D4C-4DD0-B3AC-613AB59CBB07}.Debug|arm64.Build.0 = Debug|arm64
		{25FD5045-6D4C-4DD0-B3AC-613AB59CBB07}.Debug|x64.ActiveCfg = Debug|x64
		{25FD5045-6D4C-4DD0-B3AC-613AB59CBB07}.Debug|x64.Build.0 = Debug|x64
		{25FD5045-6D4C-4DD0-B3AC-613AB59CBB07}.Debug|x86.ActiveCfg = Debug|Win32
		{25FD5045-6D4C-4DD0-B3AC-613AB59CBB07}.Debug|x86.Build.0 = Debug|Win32
		{25FD5045-6D4C-4DD0-B3AC-613AB59CBB07}.Preview|arm64.ActiveCfg = Preview|arm64
		{25FD5045-6D4C-4DD0-B3AC-613AB59CBB07}.Preview|arm64.Build.0 = Preview|arm64
		{25FD5045-6D4C-4DD0-B3AC-613AB59CBB07}.Preview|x64.ActiveCfg = Preview|x64
		{25FD5045-6D4C-4DD0-B3AC-613AB59CBB07}.Preview|x64.Build.0 = Preview|x64
		{25FD5045-6D4C-4DD0-B3AC-613AB59CBB07}.Preview|x86.ActiveCfg = Preview|Win32
		{25FD5045-6D4C-4DD0-B3AC-613AB59CBB07}.Preview|x86.Build.0 = Preview|Win32
		{25FD5045-6D4C-4DD0-B3AC-613AB59CBB07}.Release|arm64.ActiveCfg = Release|arm64
		{25FD5045-6D4C-4DD0-B3AC-613AB59CBB07}.Release|arm64.Build.0 = Release|arm64
		{25FD5045-6D4C-4DD0-B3AC-613AB59CBB07}.Release|x64.ActiveCfg = Release|x64
		{25FD5045-6D4C-4DD0-B3AC-613AB59CBB07}.Release|x64.Build.0 = Release|x64
		{25FD5045-6D4C-4DD0-B3AC-613AB59CBB07}.Release|x86.ActiveCfg = Release|Win32
		{25FD5045-6D4C-4DD0-B3AC-613AB59CBB07}.Release|x86.Build.0 = Release|Win32
		{25FD5045-6D4C-4DD0-B3AC-613AB59CBB07}.Stable|arm64.ActiveCfg = Stable|arm64
		{25FD5045-6D4C-4DD0-B3AC-613AB59CBB07}.Stable|arm64.Build.0 = Stable|arm64
		{25FD5045-6D4C-4DD0-B3AC-613AB59CBB07}.Stable|x64.ActiveCfg = Stable|x64
		{25FD5045-6D4C-4DD0-B3AC-613AB59CBB07}.Stable|x64.Build.0 = Stable|x64
		{25FD5045-6D4C-4DD0-B3AC-613AB59CBB07}.Stable|x86.ActiveCfg = Stable|Win32
		{25FD5045-6D4C-4DD0-B3AC-613AB59CBB07}.Stable|x86.Build.0 = Stable|Win32
		{25FD5045-6D4C-4DD0-B3AC-613AB59CBB07}.Store|arm64.ActiveCfg = Store|arm64
		{25FD5045-6D4C-4DD0-B3AC-613AB59CBB07}.Store|arm64.Build.0 = Store|arm64
		{25FD5045-6D4C-4DD0-B3AC-613AB59CBB07}.Store|x64.ActiveCfg = Store|x64
		{25FD5045-6D4C-4DD0-B3AC-613AB59CBB07}.Store|x64.Build.0 = Store|x64
		{25FD5045-6D4C-4DD0-B3AC-613AB59CBB07}.Store|x86.ActiveCfg = Store|Win32
		{25FD5045-6D4C-4DD0-B3AC-613AB59CBB07}.Store|x86.Build.0 = Store|Win32
		{6F431D82-A5FF-4833-B5E4-702E1E523126}.Debug|arm64.ActiveCfg = Debug|arm64
		{6F431D82-A5FF-4833-B5E4-702E1E523126}.Debug|arm64.Build.0 = Debug|arm64
		{6F431D82-A5FF-4833-B5E4-702E1E523126}.Debug|arm64.Deploy.0 = Debug|arm64
		{6F431D82-A5FF-4833-B5E4-702E1E523126}.Debug|x64.ActiveCfg = Debug|x64
		{6F431D82-A5FF-4833-B5E4-702E1E523126}.Debug|x64.Build.0 = Debug|x64
		{6F431D82-A5FF-4833-B5E4-702E1E523126}.Debug|x64.Deploy.0 = Debug|x64
		{6F431D82-A5FF-4833-B5E4-702E1E523126}.Debug|x86.ActiveCfg = Debug|x86
		{6F431D82-A5FF-4833-B5E4-702E1E523126}.Debug|x86.Build.0 = Debug|x86
		{6F431D82-A5FF-4833-B5E4-702E1E523126}.Debug|x86.Deploy.0 = Debug|x86
		{6F431D82-A5FF-4833-B5E4-702E1E523126}.Preview|arm64.ActiveCfg = Preview|arm64
		{6F431D82-A5FF-4833-B5E4-702E1E523126}.Preview|arm64.Build.0 = Preview|arm64
		{6F431D82-A5FF-4833-B5E4-702E1E523126}.Preview|x64.ActiveCfg = Preview|x64
		{6F431D82-A5FF-4833-B5E4-702E1E523126}.Preview|x64.Build.0 = Preview|x64
		{6F431D82-A5FF-4833-B5E4-702E1E523126}.Preview|x86.ActiveCfg = Preview|x86
		{6F431D82-A5FF-4833-B5E4-702E1E523126}.Preview|x86.Build.0 = Preview|x86
		{6F431D82-A5FF-4833-B5E4-702E1E523126}.Release|arm64.ActiveCfg = Release|arm64
		{6F431D82-A5FF-4833-B5E4-702E1E523126}.Release|arm64.Build.0 = Release|arm64
		{6F431D82-A5FF-4833-B5E4-702E1E523126}.Release|arm64.Deploy.0 = Release|arm64
		{6F431D82-A5FF-4833-B5E4-702E1E523126}.Release|x64.ActiveCfg = Release|x64
		{6F431D82-A5FF-4833-B5E4-702E1E523126}.Release|x64.Build.0 = Release|x64
		{6F431D82-A5FF-4833-B5E4-702E1E523126}.Release|x64.Deploy.0 = Release|x64
		{6F431D82-A5FF-4833-B5E4-702E1E523126}.Release|x86.ActiveCfg = Release|x86
		{6F431D82-A5FF-4833-B5E4-702E1E523126}.Release|x86.Build.0 = Release|x86
		{6F431D82-A5FF-4833-B5E4-702E1E523126}.Release|x86.Deploy.0 = Release|x86
		{6F431D82-A5FF-4833-B5E4-702E1E523126}.Stable|arm64.ActiveCfg = Stable|arm64
		{6F431D82-A5FF-4833-B5E4-702E1E523126}.Stable|arm64.Build.0 = Stable|arm64
		{6F431D82-A5FF-4833-B5E4-702E1E523126}.Stable|x64.ActiveCfg = Stable|x64
		{6F431D82-A5FF-4833-B5E4-702E1E523126}.Stable|x64.Build.0 = Stable|x64
		{6F431D82-A5FF-4833-B5E4-702E1E523126}.Stable|x86.ActiveCfg = Stable|x86
		{6F431D82-A5FF-4833-B5E4-702E1E523126}.Stable|x86.Build.0 = Stable|x86
		{6F431D82-A5FF-4833-B5E4-702E1E523126}.Store|arm64.ActiveCfg = Store|arm64
		{6F431D82-A5FF-4833-B5E4-702E1E523126}.Store|arm64.Build.0 = Store|arm64
		{6F431D82-A5FF-4833-B5E4-702E1E523126}.Store|x64.ActiveCfg = Store|x64
		{6F431D82-A5FF-4833-B5E4-702E1E523126}.Store|x64.Build.0 = Store|x64
		{6F431D82-A5FF-4833-B5E4-702E1E523126}.Store|x86.ActiveCfg = Store|x86
		{6F431D82-A5FF-4833-B5E4-702E1E523126}.Store|x86.Build.0 = Store|x86
		{8F60FD8E-1921-47D6-97B0-D26D7B3A4999}.Debug|arm64.ActiveCfg = Debug|ARM64
		{8F60FD8E-1921-47D6-97B0-D26D7B3A4999}.Debug|arm64.Build.0 = Debug|ARM64
		{8F60FD8E-1921-47D6-97B0-D26D7B3A4999}.Debug|arm64.Deploy.0 = Debug|ARM64
		{8F60FD8E-1921-47D6-97B0-D26D7B3A4999}.Debug|x64.ActiveCfg = Debug|x64
		{8F60FD8E-1921-47D6-97B0-D26D7B3A4999}.Debug|x64.Build.0 = Debug|x64
		{8F60FD8E-1921-47D6-97B0-D26D7B3A4999}.Debug|x64.Deploy.0 = Debug|x64
		{8F60FD8E-1921-47D6-97B0-D26D7B3A4999}.Debug|x86.ActiveCfg = Debug|x86
		{8F60FD8E-1921-47D6-97B0-D26D7B3A4999}.Debug|x86.Build.0 = Debug|x86
		{8F60FD8E-1921-47D6-97B0-D26D7B3A4999}.Debug|x86.Deploy.0 = Debug|x86
		{8F60FD8E-1921-47D6-97B0-D26D7B3A4999}.Preview|arm64.ActiveCfg = Preview|ARM64
		{8F60FD8E-1921-47D6-97B0-D26D7B3A4999}.Preview|arm64.Build.0 = Preview|ARM64
		{8F60FD8E-1921-47D6-97B0-D26D7B3A4999}.Preview|arm64.Deploy.0 = Preview|ARM64
		{8F60FD8E-1921-47D6-97B0-D26D7B3A4999}.Preview|x64.ActiveCfg = Preview|x64
		{8F60FD8E-1921-47D6-97B0-D26D7B3A4999}.Preview|x64.Build.0 = Preview|x64
		{8F60FD8E-1921-47D6-97B0-D26D7B3A4999}.Preview|x64.Deploy.0 = Preview|x64
		{8F60FD8E-1921-47D6-97B0-D26D7B3A4999}.Preview|x86.ActiveCfg = Preview|x86
		{8F60FD8E-1921-47D6-97B0-D26D7B3A4999}.Preview|x86.Build.0 = Preview|x86
		{8F60FD8E-1921-47D6-97B0-D26D7B3A4999}.Preview|x86.Deploy.0 = Preview|x86
		{8F60FD8E-1921-47D6-97B0-D26D7B3A4999}.Release|arm64.ActiveCfg = Release|ARM64
		{8F60FD8E-1921-47D6-97B0-D26D7B3A4999}.Release|arm64.Build.0 = Release|ARM64
		{8F60FD8E-1921-47D6-97B0-D26D7B3A4999}.Release|arm64.Deploy.0 = Release|ARM64
		{8F60FD8E-1921-47D6-97B0-D26D7B3A4999}.Release|x64.ActiveCfg = Release|x64
		{8F60FD8E-1921-47D6-97B0-D26D7B3A4999}.Release|x64.Build.0 = Release|x64
		{8F60FD8E-1921-47D6-97B0-D26D7B3A4999}.Release|x64.Deploy.0 = Release|x64
		{8F60FD8E-1921-47D6-97B0-D26D7B3A4999}.Release|x86.ActiveCfg = Release|x86
		{8F60FD8E-1921-47D6-97B0-D26D7B3A4999}.Release|x86.Build.0 = Release|x86
		{8F60FD8E-1921-47D6-97B0-D26D7B3A4999}.Release|x86.Deploy.0 = Release|x86
		{8F60FD8E-1921-47D6-97B0-D26D7B3A4999}.Stable|arm64.ActiveCfg = Stable|ARM64
		{8F60FD8E-1921-47D6-97B0-D26D7B3A4999}.Stable|arm64.Build.0 = Stable|ARM64
		{8F60FD8E-1921-47D6-97B0-D26D7B3A4999}.Stable|arm64.Deploy.0 = Stable|ARM64
		{8F60FD8E-1921-47D6-97B0-D26D7B3A4999}.Stable|x64.ActiveCfg = Stable|x64
		{8F60FD8E-1921-47D6-97B0-D26D7B3A4999}.Stable|x64.Build.0 = Stable|x64
		{8F60FD8E-1921-47D6-97B0-D26D7B3A4999}.Stable|x64.Deploy.0 = Stable|x64
		{8F60FD8E-1921-47D6-97B0-D26D7B3A4999}.Stable|x86.ActiveCfg = Stable|x86
		{8F60FD8E-1921-47D6-97B0-D26D7B3A4999}.Stable|x86.Build.0 = Stable|x86
		{8F60FD8E-1921-47D6-97B0-D26D7B3A4999}.Stable|x86.Deploy.0 = Stable|x86
		{8F60FD8E-1921-47D6-97B0-D26D7B3A4999}.Store|arm64.ActiveCfg = Store|ARM64
		{8F60FD8E-1921-47D6-97B0-D26D7B3A4999}.Store|arm64.Build.0 = Store|ARM64
		{8F60FD8E-1921-47D6-97B0-D26D7B3A4999}.Store|arm64.Deploy.0 = Store|ARM64
		{8F60FD8E-1921-47D6-97B0-D26D7B3A4999}.Store|x64.ActiveCfg = Store|x64
		{8F60FD8E-1921-47D6-97B0-D26D7B3A4999}.Store|x64.Build.0 = Store|x64
		{8F60FD8E-1921-47D6-97B0-D26D7B3A4999}.Store|x64.Deploy.0 = Store|x64
		{8F60FD8E-1921-47D6-97B0-D26D7B3A4999}.Store|x86.ActiveCfg = Store|x86
		{8F60FD8E-1921-47D6-97B0-D26D7B3A4999}.Store|x86.Build.0 = Store|x86
		{8F60FD8E-1921-47D6-97B0-D26D7B3A4999}.Store|x86.Deploy.0 = Store|x86
		{6FA07816-DE0A-4D49-84E8-38E953A33C87}.Debug|arm64.ActiveCfg = Debug|Any CPU
		{6FA07816-DE0A-4D49-84E8-38E953A33C87}.Debug|arm64.Build.0 = Debug|Any CPU
		{6FA07816-DE0A-4D49-84E8-38E953A33C87}.Debug|x64.ActiveCfg = Debug|Any CPU
		{6FA07816-DE0A-4D49-84E8-38E953A33C87}.Debug|x64.Build.0 = Debug|Any CPU
		{6FA07816-DE0A-4D49-84E8-38E953A33C87}.Debug|x86.ActiveCfg = Debug|Any CPU
		{6FA07816-DE0A-4D49-84E8-38E953A33C87}.Debug|x86.Build.0 = Debug|Any CPU
		{6FA07816-DE0A-4D49-84E8-38E953A33C87}.Preview|arm64.ActiveCfg = Debug|Any CPU
		{6FA07816-DE0A-4D49-84E8-38E953A33C87}.Preview|arm64.Build.0 = Debug|Any CPU
		{6FA07816-DE0A-4D49-84E8-38E953A33C87}.Preview|x64.ActiveCfg = Debug|Any CPU
		{6FA07816-DE0A-4D49-84E8-38E953A33C87}.Preview|x64.Build.0 = Debug|Any CPU
		{6FA07816-DE0A-4D49-84E8-38E953A33C87}.Preview|x86.ActiveCfg = Debug|Any CPU
		{6FA07816-DE0A-4D49-84E8-38E953A33C87}.Preview|x86.Build.0 = Debug|Any CPU
		{6FA07816-DE0A-4D49-84E8-38E953A33C87}.Release|arm64.ActiveCfg = Release|Any CPU
		{6FA07816-DE0A-4D49-84E8-38E953A33C87}.Release|arm64.Build.0 = Release|Any CPU
		{6FA07816-DE0A-4D49-84E8-38E953A33C87}.Release|x64.ActiveCfg = Release|Any CPU
		{6FA07816-DE0A-4D49-84E8-38E953A33C87}.Release|x64.Build.0 = Release|Any CPU
		{6FA07816-DE0A-4D49-84E8-38E953A33C87}.Release|x86.ActiveCfg = Release|Any CPU
		{6FA07816-DE0A-4D49-84E8-38E953A33C87}.Release|x86.Build.0 = Release|Any CPU
		{6FA07816-DE0A-4D49-84E8-38E953A33C87}.Stable|arm64.ActiveCfg = Debug|Any CPU
		{6FA07816-DE0A-4D49-84E8-38E953A33C87}.Stable|arm64.Build.0 = Debug|Any CPU
		{6FA07816-DE0A-4D49-84E8-38E953A33C87}.Stable|x64.ActiveCfg = Debug|Any CPU
		{6FA07816-DE0A-4D49-84E8-38E953A33C87}.Stable|x64.Build.0 = Debug|Any CPU
		{6FA07816-DE0A-4D49-84E8-38E953A33C87}.Stable|x86.ActiveCfg = Debug|Any CPU
		{6FA07816-DE0A-4D49-84E8-38E953A33C87}.Stable|x86.Build.0 = Debug|Any CPU
		{6FA07816-DE0A-4D49-84E8-38E953A33C87}.Store|arm64.ActiveCfg = Debug|Any CPU
		{6FA07816-DE0A-4D49-84E8-38E953A33C87}.Store|arm64.Build.0 = Debug|Any CPU
		{6FA07816-DE0A-4D49-84E8-38E953A33C87}.Store|x64.ActiveCfg = Debug|Any CPU
		{6FA07816-DE0A-4D49-84E8-38E953A33C87}.Store|x64.Build.0 = Debug|Any CPU
		{6FA07816-DE0A-4D49-84E8-38E953A33C87}.Store|x86.ActiveCfg = Debug|Any CPU
		{6FA07816-DE0A-4D49-84E8-38E953A33C87}.Store|x86.Build.0 = Debug|Any CPU
	EndGlobalSection
	GlobalSection(SolutionProperties) = preSolution
		HideSolutionNode = FALSE
	EndGlobalSection
	GlobalSection(NestedProjects) = preSolution
		{0175B70C-1E29-4A3F-AA4F-C2017B040EF0} = {A74DCE98-A744-4D71-A2B1-7EE4FED0936B}
		{A188C26B-E731-4E0B-9D17-D21CEBD9B43F} = {A74DCE98-A744-4D71-A2B1-7EE4FED0936B}
		{9F36C2AD-005D-4EA5-A1F1-6BC42773FC85} = {A74DCE98-A744-4D71-A2B1-7EE4FED0936B}
		{94F77692-D47C-48D8-A1A7-645192EF38A4} = {A188C26B-E731-4E0B-9D17-D21CEBD9B43F}
		{B8051E11-5BF2-49F7-A7C8-E3820DBB8209} = {A188C26B-E731-4E0B-9D17-D21CEBD9B43F}
		{74704E22-9A09-4675-AE35-7896DE81EC4A} = {9F36C2AD-005D-4EA5-A1F1-6BC42773FC85}
		{53371D77-7AC1-4975-9A2A-5E0EB0B37CE3} = {9F36C2AD-005D-4EA5-A1F1-6BC42773FC85}
		{BB1DA0B0-4E5B-4336-961E-DF389482C094} = {A74DCE98-A744-4D71-A2B1-7EE4FED0936B}
		{4ED01D20-8529-4DEF-8C1B-4E31031AE7E0} = {481DE2EA-E6CE-4A9C-A220-3B543B95AAA1}
		{A2FF3F3B-8EBC-4108-B99D-1476B7876656} = {0175B70C-1E29-4A3F-AA4F-C2017B040EF0}
		{25FD5045-6D4C-4DD0-B3AC-613AB59CBB07} = {0175B70C-1E29-4A3F-AA4F-C2017B040EF0}
		{6F431D82-A5FF-4833-B5E4-702E1E523126} = {A188C26B-E731-4E0B-9D17-D21CEBD9B43F}
		{8F60FD8E-1921-47D6-97B0-D26D7B3A4999} = {A74DCE98-A744-4D71-A2B1-7EE4FED0936B}
		{6FA07816-DE0A-4D49-84E8-38E953A33C87} = {A74DCE98-A744-4D71-A2B1-7EE4FED0936B}
	EndGlobalSection
	GlobalSection(ExtensibilityGlobals) = postSolution
		SolutionGuid = {0E62043C-A7A1-4982-9EC9-4CDB2939B776}
	EndGlobalSection
EndGlobal
