
Microsoft Visual Studio Solution File, Format Version 12.00
# Visual Studio Version 16
VisualStudioVersion = 16.0.28803.156
MinimumVisualStudioVersion = 10.0.40219.1
Project("{FAE04EC0-301F-11D3-BF4B-00C04F79EFBC}") = "Files.Launcher", "Files.Launcher\Files.Launcher.csproj", "{533F9E86-EE0A-4FCB-B70C-F29532C1B787}"
EndProject
Project("{FAE04EC0-301F-11D3-BF4B-00C04F79EFBC}") = "Files", "Files\Files.csproj", "{64C30C4E-A69A-411C-9F78-776E7AAD583C}"
EndProject
Project("{C7167F0D-BC9F-4E6E-AFE1-012C56B48DB5}") = "Files.Package", "Files.Package\Files.Package.wapproj", "{3B15596C-3DB9-4B58-B4C8-442D06A8C130}"
EndProject
Global
	GlobalSection(SolutionConfigurationPlatforms) = preSolution
		Debug|ARM = Debug|ARM
		Debug|ARM64 = Debug|ARM64
		Debug|x64 = Debug|x64
		Debug|x86 = Debug|x86
		Release|ARM = Release|ARM
		Release|ARM64 = Release|ARM64
		Release|x64 = Release|x64
		Release|x86 = Release|x86
	EndGlobalSection
	GlobalSection(ProjectConfigurationPlatforms) = postSolution
		{533F9E86-EE0A-4FCB-B70C-F29532C1B787}.Debug|ARM.ActiveCfg = Debug|Any CPU
		{533F9E86-EE0A-4FCB-B70C-F29532C1B787}.Debug|ARM.Build.0 = Debug|Any CPU
		{533F9E86-EE0A-4FCB-B70C-F29532C1B787}.Debug|ARM64.ActiveCfg = Debug|Any CPU
		{533F9E86-EE0A-4FCB-B70C-F29532C1B787}.Debug|ARM64.Build.0 = Debug|Any CPU
		{533F9E86-EE0A-4FCB-B70C-F29532C1B787}.Debug|x64.ActiveCfg = Debug|Any CPU
		{533F9E86-EE0A-4FCB-B70C-F29532C1B787}.Debug|x64.Build.0 = Debug|Any CPU
		{533F9E86-EE0A-4FCB-B70C-F29532C1B787}.Debug|x86.ActiveCfg = Debug|Any CPU
		{533F9E86-EE0A-4FCB-B70C-F29532C1B787}.Debug|x86.Build.0 = Debug|Any CPU
		{533F9E86-EE0A-4FCB-B70C-F29532C1B787}.Release|ARM.ActiveCfg = Release|Any CPU
		{533F9E86-EE0A-4FCB-B70C-F29532C1B787}.Release|ARM.Build.0 = Release|Any CPU
		{533F9E86-EE0A-4FCB-B70C-F29532C1B787}.Release|ARM64.ActiveCfg = Release|Any CPU
		{533F9E86-EE0A-4FCB-B70C-F29532C1B787}.Release|ARM64.Build.0 = Release|Any CPU
		{533F9E86-EE0A-4FCB-B70C-F29532C1B787}.Release|x64.ActiveCfg = Release|Any CPU
		{533F9E86-EE0A-4FCB-B70C-F29532C1B787}.Release|x64.Build.0 = Release|Any CPU
		{533F9E86-EE0A-4FCB-B70C-F29532C1B787}.Release|x86.ActiveCfg = Release|x86
		{533F9E86-EE0A-4FCB-B70C-F29532C1B787}.Release|x86.Build.0 = Release|x86
		{64C30C4E-A69A-411C-9F78-776E7AAD583C}.Debug|ARM.ActiveCfg = Debug|ARM
		{64C30C4E-A69A-411C-9F78-776E7AAD583C}.Debug|ARM.Build.0 = Debug|ARM
		{64C30C4E-A69A-411C-9F78-776E7AAD583C}.Debug|ARM.Deploy.0 = Debug|ARM
		{64C30C4E-A69A-411C-9F78-776E7AAD583C}.Debug|ARM64.ActiveCfg = Debug|ARM64
		{64C30C4E-A69A-411C-9F78-776E7AAD583C}.Debug|ARM64.Build.0 = Debug|ARM64
		{64C30C4E-A69A-411C-9F78-776E7AAD583C}.Debug|ARM64.Deploy.0 = Debug|ARM64
		{64C30C4E-A69A-411C-9F78-776E7AAD583C}.Debug|x64.ActiveCfg = Debug|x64
		{64C30C4E-A69A-411C-9F78-776E7AAD583C}.Debug|x64.Build.0 = Debug|x64
		{64C30C4E-A69A-411C-9F78-776E7AAD583C}.Debug|x64.Deploy.0 = Debug|x64
		{64C30C4E-A69A-411C-9F78-776E7AAD583C}.Debug|x86.ActiveCfg = Debug|x86
		{64C30C4E-A69A-411C-9F78-776E7AAD583C}.Debug|x86.Build.0 = Debug|x86
		{64C30C4E-A69A-411C-9F78-776E7AAD583C}.Debug|x86.Deploy.0 = Debug|x86
		{64C30C4E-A69A-411C-9F78-776E7AAD583C}.Release|ARM.ActiveCfg = Release|ARM
		{64C30C4E-A69A-411C-9F78-776E7AAD583C}.Release|ARM.Build.0 = Release|ARM
		{64C30C4E-A69A-411C-9F78-776E7AAD583C}.Release|ARM.Deploy.0 = Release|ARM
		{64C30C4E-A69A-411C-9F78-776E7AAD583C}.Release|ARM64.ActiveCfg = Release|ARM64
		{64C30C4E-A69A-411C-9F78-776E7AAD583C}.Release|ARM64.Build.0 = Release|ARM64
		{64C30C4E-A69A-411C-9F78-776E7AAD583C}.Release|ARM64.Deploy.0 = Release|ARM64
		{64C30C4E-A69A-411C-9F78-776E7AAD583C}.Release|x64.ActiveCfg = Release|x64
		{64C30C4E-A69A-411C-9F78-776E7AAD583C}.Release|x64.Build.0 = Release|x64
		{64C30C4E-A69A-411C-9F78-776E7AAD583C}.Release|x64.Deploy.0 = Release|x64
		{64C30C4E-A69A-411C-9F78-776E7AAD583C}.Release|x86.ActiveCfg = Release|x86
		{64C30C4E-A69A-411C-9F78-776E7AAD583C}.Release|x86.Build.0 = Release|x86
		{64C30C4E-A69A-411C-9F78-776E7AAD583C}.Release|x86.Deploy.0 = Release|x86
		{3B15596C-3DB9-4B58-B4C8-442D06A8C130}.Debug|ARM.ActiveCfg = Debug|ARM
		{3B15596C-3DB9-4B58-B4C8-442D06A8C130}.Debug|ARM.Build.0 = Debug|ARM
		{3B15596C-3DB9-4B58-B4C8-442D06A8C130}.Debug|ARM.Deploy.0 = Debug|ARM
		{3B15596C-3DB9-4B58-B4C8-442D06A8C130}.Debug|ARM64.ActiveCfg = Debug|ARM64
		{3B15596C-3DB9-4B58-B4C8-442D06A8C130}.Debug|ARM64.Build.0 = Debug|ARM64
		{3B15596C-3DB9-4B58-B4C8-442D06A8C130}.Debug|ARM64.Deploy.0 = Debug|ARM64
		{3B15596C-3DB9-4B58-B4C8-442D06A8C130}.Debug|x64.ActiveCfg = Debug|x64
		{3B15596C-3DB9-4B58-B4C8-442D06A8C130}.Debug|x64.Build.0 = Debug|x64
		{3B15596C-3DB9-4B58-B4C8-442D06A8C130}.Debug|x64.Deploy.0 = Debug|x64
		{3B15596C-3DB9-4B58-B4C8-442D06A8C130}.Debug|x86.ActiveCfg = Debug|x86
		{3B15596C-3DB9-4B58-B4C8-442D06A8C130}.Debug|x86.Build.0 = Debug|x86
		{3B15596C-3DB9-4B58-B4C8-442D06A8C130}.Debug|x86.Deploy.0 = Debug|x86
		{3B15596C-3DB9-4B58-B4C8-442D06A8C130}.Release|ARM.ActiveCfg = Release|ARM
		{3B15596C-3DB9-4B58-B4C8-442D06A8C130}.Release|ARM.Build.0 = Release|ARM
		{3B15596C-3DB9-4B58-B4C8-442D06A8C130}.Release|ARM.Deploy.0 = Release|ARM
		{3B15596C-3DB9-4B58-B4C8-442D06A8C130}.Release|ARM64.ActiveCfg = Release|ARM64
		{3B15596C-3DB9-4B58-B4C8-442D06A8C130}.Release|ARM64.Build.0 = Release|ARM64
		{3B15596C-3DB9-4B58-B4C8-442D06A8C130}.Release|ARM64.Deploy.0 = Release|ARM64
		{3B15596C-3DB9-4B58-B4C8-442D06A8C130}.Release|x64.ActiveCfg = Release|x64
		{3B15596C-3DB9-4B58-B4C8-442D06A8C130}.Release|x64.Build.0 = Release|x64
		{3B15596C-3DB9-4B58-B4C8-442D06A8C130}.Release|x64.Deploy.0 = Release|x64
		{3B15596C-3DB9-4B58-B4C8-442D06A8C130}.Release|x86.ActiveCfg = Release|x86
		{3B15596C-3DB9-4B58-B4C8-442D06A8C130}.Release|x86.Build.0 = Release|x86
		{3B15596C-3DB9-4B58-B4C8-442D06A8C130}.Release|x86.Deploy.0 = Release|x86
	EndGlobalSection
	GlobalSection(SolutionProperties) = preSolution
		HideSolutionNode = FALSE
	EndGlobalSection
	GlobalSection(ExtensibilityGlobals) = postSolution
		SolutionGuid = {0E62043C-A7A1-4982-9EC9-4CDB2939B776}
	EndGlobalSection
EndGlobal
