<?xml version="1.0" encoding="utf-8"?>
<Project ToolsVersion="4.0" xmlns="http://schemas.microsoft.com/developer/msbuild/2003">
  <ItemGroup>
    <Filter Include="File di intestazione">
      <UniqueIdentifier>{93995380-89BD-4b04-88EB-625FBE52EBFB}</UniqueIdentifier>
      <Extensions>h;hh;hpp;hxx;h++;hm;inl;inc;ipp;xsd</Extensions>
    </Filter>
    <Filter Include="File di risorse">
      <UniqueIdentifier>{67DA6AB6-F800-4c08-8B7A-83BB121AAD01}</UniqueIdentifier>
      <Extensions>rc;ico;cur;bmp;dlg;rc2;rct;bin;rgs;gif;jpg;jpeg;jpe;resx;tiff;tif;png;wav;mfcribbon-ms</Extensions>
    </Filter>
    <Filter Include="File generati">
      <UniqueIdentifier>{abc5c222-f2d9-4149-b7c5-c26f1a437824}</UniqueIdentifier>
      <SourceControlFiles>False</SourceControlFiles>
    </Filter>
    <Filter Include="File di origine">
      <UniqueIdentifier>{61930b81-88a9-49a7-9dff-ba407cac44b7}</UniqueIdentifier>
    </Filter>
  </ItemGroup>
  <ItemGroup>
    <ClInclude Include="framework.h">
      <Filter>File di intestazione</Filter>
    </ClInclude>
    <ClInclude Include="targetver.h">
      <Filter>File di intestazione</Filter>
    </ClInclude>
    <ClInclude Include="Resource.h">
      <Filter>File di intestazione</Filter>
    </ClInclude>
    <ClInclude Include="dllmain.h">
      <Filter>File di intestazione</Filter>
    </ClInclude>
    <ClInclude Include="pch.h">
      <Filter>File di intestazione</Filter>
    </ClInclude>
    <ClInclude Include="FilesOpenDialog.h">
      <Filter>File di intestazione</Filter>
    </ClInclude>
    <ClInclude Include="UndefInterfaces.h">
      <Filter>File di intestazione</Filter>
    </ClInclude>
    <ClInclude Include="CustomOpenDialog_i.h">
      <Filter>File generati</Filter>
    </ClInclude>
  </ItemGroup>
  <ItemGroup>
    <ClCompile Include="CustomOpenDialog.cpp">
      <Filter>File di origine</Filter>
    </ClCompile>
    <ClCompile Include="dllmain.cpp">
      <Filter>File di origine</Filter>
    </ClCompile>
    <ClCompile Include="FilesOpenDialog.cpp">
      <Filter>File di origine</Filter>
    </ClCompile>
    <ClCompile Include="pch.cpp">
      <Filter>File di origine</Filter>
    </ClCompile>
    <ClCompile Include="CustomOpenDialog_i.c">
      <Filter>File generati</Filter>
    </ClCompile>
  </ItemGroup>
  <ItemGroup>
    <ResourceCompile Include="CustomOpenDialog.rc">
      <Filter>File di risorse</Filter>
    </ResourceCompile>
  </ItemGroup>
  <ItemGroup>
    <None Include="CustomOpenDialog.rgs">
      <Filter>File di risorse</Filter>
    </None>
    <None Include="FilesOpenDialog.rgs">
      <Filter>File di risorse</Filter>
    </None>
    <None Include="CustomOpenDialog.def">
      <Filter>File di origine</Filter>
    </None>
  </ItemGroup>
  <ItemGroup>
    <Midl Include="CustomOpenDialog.idl">
      <Filter>File di origine</Filter>
    </Midl>
  </ItemGroup>
</Project>