<?xml version="1.0" encoding="utf-8"?>
<Project ToolsVersion="4.0" xmlns="http://schemas.microsoft.com/developer/msbuild/2003">
  <ItemGroup>
    <Filter Include="File di origine">
      <UniqueIdentifier>{4FC737F1-C7A5-4376-A066-2A32D752A2FF}</UniqueIdentifier>
      <Extensions>cpp;c;cc;cxx;c++;cppm;ixx;def;odl;idl;hpj;bat;asm;asmx</Extensions>
    </Filter>
    <Filter Include="File di intestazione">
      <UniqueIdentifier>{93995380-89BD-4b04-88EB-625FBE52EBFB}</UniqueIdentifier>
      <Extensions>h;hh;hpp;hxx;h++;hm;inl;inc;ipp;xsd</Extensions>
    </Filter>
    <Filter Include="File di risorse">
      <UniqueIdentifier>{67DA6AB6-F800-4c08-8B7A-83BB121AAD01}</UniqueIdentifier>
      <Extensions>rc;ico;cur;bmp;dlg;rc2;rct;bin;rgs;gif;jpg;jpeg;jpe;resx;tiff;tif;png;wav;mfcribbon-ms</Extensions>
    </Filter>
    <Filter Include="File generati">
      <UniqueIdentifier>{487d0712-ae0c-468f-9ef2-12da6ffc5361}</UniqueIdentifier>
      <SourceControlFiles>False</SourceControlFiles>
    </Filter>
  </ItemGroup>
  <ItemGroup>
    <ClInclude Include="..\CustomSaveDialog\dllmain.h">
      <Filter>File di intestazione</Filter>
    </ClInclude>
    <ClInclude Include="..\CustomSaveDialog\FilesSaveDialog.h">
      <Filter>File di intestazione</Filter>
    </ClInclude>
    <ClInclude Include="..\CustomSaveDialog\framework.h">
      <Filter>File di intestazione</Filter>
    </ClInclude>
    <ClInclude Include="..\CustomSaveDialog\pch.h">
      <Filter>File di intestazione</Filter>
    </ClInclude>
    <ClInclude Include="..\CustomSaveDialog\Resource.h">
      <Filter>File di intestazione</Filter>
    </ClInclude>
    <ClInclude Include="..\CustomSaveDialog\targetver.h">
      <Filter>File di intestazione</Filter>
    </ClInclude>
    <ClInclude Include="..\CustomSaveDialog\UndefInterfaces.h">
      <Filter>File di intestazione</Filter>
    </ClInclude>
    <ClInclude Include="..\CustomSaveDialog\CustomSaveDialog_i.h">
      <Filter>File generati</Filter>
    </ClInclude>
    <ClInclude Include="..\CustomSaveDialog\FilesDialogEvents.h">
      <Filter>File di intestazione</Filter>
    </ClInclude>
  </ItemGroup>
  <ItemGroup>
    <ClCompile Include="..\CustomSaveDialog\CustomSaveDialog.cpp">
      <Filter>File di origine</Filter>
    </ClCompile>
    <ClCompile Include="..\CustomSaveDialog\dllmain.cpp">
      <Filter>File di origine</Filter>
    </ClCompile>
    <ClCompile Include="..\CustomSaveDialog\FilesSaveDialog.cpp">
      <Filter>File di origine</Filter>
    </ClCompile>
    <ClCompile Include="..\CustomSaveDialog\pch.cpp">
      <Filter>File di origine</Filter>
    </ClCompile>
    <ClCompile Include="..\CustomSaveDialog\CustomSaveDialog_i.c">
      <Filter>File generati</Filter>
    </ClCompile>
    <ClCompile Include="..\CustomSaveDialog\FilesDialogEvents.cpp">
      <Filter>File di origine</Filter>
    </ClCompile>
  </ItemGroup>
  <ItemGroup>
    <None Include="..\CustomSaveDialog\CustomSaveDialog.def">
      <Filter>File di origine</Filter>
    </None>
    <None Include="..\CustomSaveDialog\CustomSaveDialog.rgs">
      <Filter>File di risorse</Filter>
    </None>
    <None Include="..\CustomSaveDialog\FilesSaveDialog.rgs">
      <Filter>File di risorse</Filter>
    </None>
  </ItemGroup>
  <ItemGroup>
    <Midl Include="..\CustomSaveDialog\CustomSaveDialog.idl">
      <Filter>File di origine</Filter>
    </Midl>
  </ItemGroup>
  <ItemGroup>
    <ResourceCompile Include="..\CustomSaveDialog\CustomSaveDialog.rc">
      <Filter>File di risorse</Filter>
    </ResourceCompile>
  </ItemGroup>
</Project>